
Microsoft Visual Studio Solution File, Format Version 12.00
# Visual Studio Version 17
VisualStudioVersion = 17.5.002.0
MinimumVisualStudioVersion = 10.0.40219.1
Project("{9A19103F-16F7-4668-BE54-9A1E7A4F7556}") = "Library", "Library.csproj", "{FBFFED85-4322-4B56-9293-E22FE50AA341}"
EndProject
Global
	GlobalSection(SolutionConfigurationPlatforms) = preSolution
		Debug|Any CPU = Debug|Any CPU
		Release|Any CPU = Release|Any CPU
	EndGlobalSection
	GlobalSection(ProjectConfigurationPlatforms) = postSolution
		{FBFFED85-4322-4B56-9293-E22FE50AA341}.Debug|Any CPU.ActiveCfg = Debug|Any CPU
		{FBFFED85-4322-4B56-9293-E22FE50AA341}.Debug|Any CPU.Build.0 = Debug|Any CPU
		{FBFFED85-4322-4B56-9293-E22FE50AA341}.Release|Any CPU.ActiveCfg = Release|Any CPU
		{FBFFED85-4322-4B56-9293-E22FE50AA341}.Release|Any CPU.Build.0 = Release|Any CPU
	EndGlobalSection
	GlobalSection(SolutionProperties) = preSolution
		HideSolutionNode = FALSE
	EndGlobalSection
	GlobalSection(ExtensibilityGlobals) = postSolution
		SolutionGuid = {C4A84CD3-8A0E-4C5C-91C7-D61EADE68F8E}
	EndGlobalSection
EndGlobal
